
Microsoft Visual Studio Solution File, Format Version 12.00
# Visual Studio Version 16
VisualStudioVersion = 16.0.29519.87
MinimumVisualStudioVersion = 10.0.40219.1
Project("{FAE04EC0-301F-11D3-BF4B-00C04F79EFBC}") = "Singleton", "Singleton.csproj", "{C4E1404F-B8D1-417F-BCB2-8C1FAC48E2EA}"
EndProject
Global
	GlobalSection(SolutionConfigurationPlatforms) = preSolution
		Debug|Any CPU = Debug|Any CPU
		Release|Any CPU = Release|Any CPU
	EndGlobalSection
	GlobalSection(ProjectConfigurationPlatforms) = postSolution
		{C4E1404F-B8D1-417F-BCB2-8C1FAC48E2EA}.Debug|Any CPU.ActiveCfg = Debug|Any CPU
		{C4E1404F-B8D1-417F-BCB2-8C1FAC48E2EA}.Debug|Any CPU.Build.0 = Debug|Any CPU
		{C4E1404F-B8D1-417F-BCB2-8C1FAC48E2EA}.Release|Any CPU.ActiveCfg = Release|Any CPU
		{C4E1404F-B8D1-417F-BCB2-8C1FAC48E2EA}.Release|Any CPU.Build.0 = Release|Any CPU
	EndGlobalSection
	GlobalSection(SolutionProperties) = preSolution
		HideSolutionNode = FALSE
	EndGlobalSection
	GlobalSection(ExtensibilityGlobals) = postSolution
		SolutionGuid = {4947E84E-4CF0-4C30-92F5-6D7DBB8CDBD6}
	EndGlobalSection
EndGlobal
