
Microsoft Visual Studio Solution File, Format Version 12.00
# Visual Studio Version 16
VisualStudioVersion = 16.0.29326.143
MinimumVisualStudioVersion = 10.0.40219.1
Project("{FAE04EC0-301F-11D3-BF4B-00C04F79EFBC}") = "Builder", "Builder\Builder.csproj", "{914FD0AB-2BF2-4EAB-9EA6-B20138F45BBD}"
EndProject
Global
	GlobalSection(SolutionConfigurationPlatforms) = preSolution
		Debug|Any CPU = Debug|Any CPU
		Release|Any CPU = Release|Any CPU
	EndGlobalSection
	GlobalSection(ProjectConfigurationPlatforms) = postSolution
		{914FD0AB-2BF2-4EAB-9EA6-B20138F45BBD}.Debug|Any CPU.ActiveCfg = Debug|Any CPU
		{914FD0AB-2BF2-4EAB-9EA6-B20138F45BBD}.Debug|Any CPU.Build.0 = Debug|Any CPU
		{914FD0AB-2BF2-4EAB-9EA6-B20138F45BBD}.Release|Any CPU.ActiveCfg = Release|Any CPU
		{914FD0AB-2BF2-4EAB-9EA6-B20138F45BBD}.Release|Any CPU.Build.0 = Release|Any CPU
	EndGlobalSection
	GlobalSection(SolutionProperties) = preSolution
		HideSolutionNode = FALSE
	EndGlobalSection
	GlobalSection(ExtensibilityGlobals) = postSolution
		SolutionGuid = {6885D297-6813-421D-909D-5FAFE5E13C4C}
	EndGlobalSection
EndGlobal
